
Microsoft Visual Studio Solution File, Format Version 12.00
# Visual Studio Version 17
VisualStudioVersion = 17.9.34714.143
MinimumVisualStudioVersion = 10.0.40219.1
Project("{FAE04EC0-301F-11D3-BF4B-00C04F79EFBC}") = "DiamanteX.ConsoleApp", "DiamanteX.ConsoleApp\DiamanteX.ConsoleApp.csproj", "{BE6A9AD9-FAEF-4259-A267-D0696265ED1F}"
EndProject
Global
	GlobalSection(SolutionConfigurationPlatforms) = preSolution
		Debug|Any CPU = Debug|Any CPU
		Release|Any CPU = Release|Any CPU
	EndGlobalSection
	GlobalSection(ProjectConfigurationPlatforms) = postSolution
		{BE6A9AD9-FAEF-4259-A267-D0696265ED1F}.Debug|Any CPU.ActiveCfg = Debug|Any CPU
		{BE6A9AD9-FAEF-4259-A267-D0696265ED1F}.Debug|Any CPU.Build.0 = Debug|Any CPU
		{BE6A9AD9-FAEF-4259-A267-D0696265ED1F}.Release|Any CPU.ActiveCfg = Release|Any CPU
		{BE6A9AD9-FAEF-4259-A267-D0696265ED1F}.Release|Any CPU.Build.0 = Release|Any CPU
	EndGlobalSection
	GlobalSection(SolutionProperties) = preSolution
		HideSolutionNode = FALSE
	EndGlobalSection
	GlobalSection(ExtensibilityGlobals) = postSolution
		SolutionGuid = {E0014092-B0D3-4406-A343-C0294991FEE5}
	EndGlobalSection
EndGlobal
